
Microsoft Visual Studio Solution File, Format Version 12.00
# Visual Studio Version 16
VisualStudioVersion = 16.0.28803.352
MinimumVisualStudioVersion = 10.0.40219.1
Project("{FAE04EC0-301F-11D3-BF4B-00C04F79EFBC}") = "Controls", "Controls\Controls.csproj", "{C1E83DBE-0FA9-4D76-828F-B5DD95E5A61B}"
EndProject
Project("{FAE04EC0-301F-11D3-BF4B-00C04F79EFBC}") = "Controls.VisualStudio.Designer", "Controls.VisualStudio.Designer\Controls.VisualStudio.Designer.csproj", "{A3EED726-7760-4758-99F6-728F962A2B12}"
EndProject
Project("{FAE04EC0-301F-11D3-BF4B-00C04F79EFBC}") = "TestProject", "TestProject\TestProject.csproj", "{E303283F-F966-49A0-BA04-517F8C040056}"
EndProject
Global
	GlobalSection(SolutionConfigurationPlatforms) = preSolution
		Debug|Any CPU = Debug|Any CPU
		Release|Any CPU = Release|Any CPU
	EndGlobalSection
	GlobalSection(ProjectConfigurationPlatforms) = postSolution
		{C1E83DBE-0FA9-4D76-828F-B5DD95E5A61B}.Debug|Any CPU.ActiveCfg = Debug|Any CPU
		{C1E83DBE-0FA9-4D76-828F-B5DD95E5A61B}.Debug|Any CPU.Build.0 = Debug|Any CPU
		{C1E83DBE-0FA9-4D76-828F-B5DD95E5A61B}.Release|Any CPU.ActiveCfg = Release|Any CPU
		{C1E83DBE-0FA9-4D76-828F-B5DD95E5A61B}.Release|Any CPU.Build.0 = Release|Any CPU
		{A3EED726-7760-4758-99F6-728F962A2B12}.Debug|Any CPU.ActiveCfg = Debug|Any CPU
		{A3EED726-7760-4758-99F6-728F962A2B12}.Debug|Any CPU.Build.0 = Debug|Any CPU
		{A3EED726-7760-4758-99F6-728F962A2B12}.Release|Any CPU.ActiveCfg = Release|Any CPU
		{A3EED726-7760-4758-99F6-728F962A2B12}.Release|Any CPU.Build.0 = Release|Any CPU
		{E303283F-F966-49A0-BA04-517F8C040056}.Debug|Any CPU.ActiveCfg = Debug|Any CPU
		{E303283F-F966-49A0-BA04-517F8C040056}.Debug|Any CPU.Build.0 = Debug|Any CPU
		{E303283F-F966-49A0-BA04-517F8C040056}.Release|Any CPU.ActiveCfg = Release|Any CPU
		{E303283F-F966-49A0-BA04-517F8C040056}.Release|Any CPU.Build.0 = Release|Any CPU
	EndGlobalSection
	GlobalSection(SolutionProperties) = preSolution
		HideSolutionNode = FALSE
	EndGlobalSection
	GlobalSection(ExtensibilityGlobals) = postSolution
		SolutionGuid = {7D2E8838-3452-4FDA-9810-2AB3AAD38F30}
	EndGlobalSection
EndGlobal
